
Microsoft Visual Studio Solution File, Format Version 12.00
# Visual Studio Version 17
VisualStudioVersion = 17.0.31903.59
MinimumVisualStudioVersion = 10.0.40219.1
Project("{2150E333-8FDC-42A3-9474-1A3956D46DE8}") = "Services", "Services", "{9BD54006-5379-4FC5-88DB-C568B9389EBE}"
EndProject
Project("{2150E333-8FDC-42A3-9474-1A3956D46DE8}") = "Catalog", "Catalog", "{61E8E88F-C2E5-44F9-925D-5036274123BC}"
EndProject
Project("{9A19103F-16F7-4668-BE54-9A1E7A4F7556}") = "Catalog.API", "Services\Catalog\Catalog.API\Catalog.API.csproj", "{5FFF7C00-116A-4235-B71E-CD79FFFC8174}"
EndProject
Project("{E53339B2-1760-4266-BCC7-CA923CBCF16C}") = "docker-compose", "docker-compose.dcproj", "{E93D6335-8DAF-416B-AC00-A30AD1B3CD42}"
EndProject
Project("{2150E333-8FDC-42A3-9474-1A3956D46DE8}") = "Basket", "Basket", "{A4AF3F66-2C51-43C4-973E-F7CF6C8E9C50}"
EndProject
Project("{9A19103F-16F7-4668-BE54-9A1E7A4F7556}") = "Basket.API", "Services\Basket\Basket.API\Basket.API.csproj", "{237CB270-68F1-4283-A821-E3F552521DD0}"
EndProject
Project("{2150E333-8FDC-42A3-9474-1A3956D46DE8}") = "Discount", "Discount", "{19857ACF-8F4D-47D9-A3DF-A0A750281640}"
EndProject
Project("{9A19103F-16F7-4668-BE54-9A1E7A4F7556}") = "Discount.API", "Services\Discount\Discount.API\Discount.API.csproj", "{2A9DD443-035B-41F4-B505-A086871D8E09}"
EndProject
Project("{9A19103F-16F7-4668-BE54-9A1E7A4F7556}") = "Discount.Grpc", "Services\Discount\Discount.Grpc\Discount.Grpc.csproj", "{260C5612-47B8-4496-9D98-26F5956B4EE7}"
EndProject
Project("{9A19103F-16F7-4668-BE54-9A1E7A4F7556}") = "Discount.DataAccess", "Services\Discount\Discount.DataAccess\Discount.DataAccess.csproj", "{A6C99C13-9642-459E-B897-9F96E4258FE4}"
EndProject
Project("{2150E333-8FDC-42A3-9474-1A3956D46DE8}") = "Ordering", "Ordering", "{172B77F6-69F1-4E94-9B14-FCE2DB37F432}"
EndProject
Project("{9A19103F-16F7-4668-BE54-9A1E7A4F7556}") = "Ordering.API", "Services\Ordering\Ordering.API\Ordering.API.csproj", "{603EEDC2-97D1-4B4F-B883-1D2726D1C472}"
EndProject
Project("{9A19103F-16F7-4668-BE54-9A1E7A4F7556}") = "Ordering.Domain", "Services\Ordering\Ordering.Domain\Ordering.Domain.csproj", "{0EB9187A-6671-403D-B46B-0A814D3F562A}"
EndProject
Project("{9A19103F-16F7-4668-BE54-9A1E7A4F7556}") = "Ordering.Infrastructure", "Services\Ordering\Ordering.Infrastructure\Ordering.Infrastructure.csproj", "{86251D56-887A-4520-843C-96B0A09C54B7}"
EndProject
Project("{9A19103F-16F7-4668-BE54-9A1E7A4F7556}") = "Ordering.Application", "Services\Ordering\Ordering.Application\Ordering.Application.csproj", "{4109B167-0206-4C6D-87BE-4D5F9913BE6F}"
EndProject
Project("{2150E333-8FDC-42A3-9474-1A3956D46DE8}") = "BuildingBlocks", "BuildingBlocks", "{542B2D1B-F7AA-4665-B862-413E7F2CF02D}"
EndProject
Project("{9A19103F-16F7-4668-BE54-9A1E7A4F7556}") = "EventBus.Messages", "BuildingBlocks\EventBus.Messages\EventBus.Messages.csproj", "{B42669FF-9653-4FA8-8093-EA9E02092745}"
EndProject
Project("{2150E333-8FDC-42A3-9474-1A3956D46DE8}") = "ApiGateways", "ApiGateways", "{AC18F3F2-A234-42EC-8060-DD8CCDCF5F2B}"
EndProject
Project("{9A19103F-16F7-4668-BE54-9A1E7A4F7556}") = "OcelotApiGateway", "ApiGateways\OcelotApiGateway\OcelotApiGateway.csproj", "{FBF9E1E4-E881-4DD4-A662-9F16A1DF8CBA}"
EndProject
Project("{FAE04EC0-301F-11D3-BF4B-00C04F79EFBC}") = "Shopping.Aggregator", "ApiGateways\Shopping.Aggregator\Shopping.Aggregator.csproj", "{BC8D0CA1-3ED9-40E1-9400-EE02DB33ED24}"
EndProject
Global
	GlobalSection(SolutionConfigurationPlatforms) = preSolution
		Debug|Any CPU = Debug|Any CPU
		Debug|x64 = Debug|x64
		Release|Any CPU = Release|Any CPU
		Release|x64 = Release|x64
	EndGlobalSection
	GlobalSection(ProjectConfigurationPlatforms) = postSolution
		{5FFF7C00-116A-4235-B71E-CD79FFFC8174}.Debug|Any CPU.ActiveCfg = Debug|Any CPU
		{5FFF7C00-116A-4235-B71E-CD79FFFC8174}.Debug|Any CPU.Build.0 = Debug|Any CPU
		{5FFF7C00-116A-4235-B71E-CD79FFFC8174}.Debug|x64.ActiveCfg = Debug|Any CPU
		{5FFF7C00-116A-4235-B71E-CD79FFFC8174}.Debug|x64.Build.0 = Debug|Any CPU
		{5FFF7C00-116A-4235-B71E-CD79FFFC8174}.Release|Any CPU.ActiveCfg = Release|Any CPU
		{5FFF7C00-116A-4235-B71E-CD79FFFC8174}.Release|Any CPU.Build.0 = Release|Any CPU
		{5FFF7C00-116A-4235-B71E-CD79FFFC8174}.Release|x64.ActiveCfg = Release|Any CPU
		{5FFF7C00-116A-4235-B71E-CD79FFFC8174}.Release|x64.Build.0 = Release|Any CPU
		{E93D6335-8DAF-416B-AC00-A30AD1B3CD42}.Debug|Any CPU.ActiveCfg = Debug|Any CPU
		{E93D6335-8DAF-416B-AC00-A30AD1B3CD42}.Debug|Any CPU.Build.0 = Debug|Any CPU
		{E93D6335-8DAF-416B-AC00-A30AD1B3CD42}.Debug|x64.ActiveCfg = Debug|Any CPU
		{E93D6335-8DAF-416B-AC00-A30AD1B3CD42}.Debug|x64.Build.0 = Debug|Any CPU
		{E93D6335-8DAF-416B-AC00-A30AD1B3CD42}.Release|Any CPU.ActiveCfg = Release|Any CPU
		{E93D6335-8DAF-416B-AC00-A30AD1B3CD42}.Release|Any CPU.Build.0 = Release|Any CPU
		{E93D6335-8DAF-416B-AC00-A30AD1B3CD42}.Release|x64.ActiveCfg = Release|Any CPU
		{E93D6335-8DAF-416B-AC00-A30AD1B3CD42}.Release|x64.Build.0 = Release|Any CPU
		{237CB270-68F1-4283-A821-E3F552521DD0}.Debug|Any CPU.ActiveCfg = Debug|Any CPU
		{237CB270-68F1-4283-A821-E3F552521DD0}.Debug|Any CPU.Build.0 = Debug|Any CPU
		{237CB270-68F1-4283-A821-E3F552521DD0}.Debug|x64.ActiveCfg = Debug|Any CPU
		{237CB270-68F1-4283-A821-E3F552521DD0}.Debug|x64.Build.0 = Debug|Any CPU
		{237CB270-68F1-4283-A821-E3F552521DD0}.Release|Any CPU.ActiveCfg = Release|Any CPU
		{237CB270-68F1-4283-A821-E3F552521DD0}.Release|Any CPU.Build.0 = Release|Any CPU
		{237CB270-68F1-4283-A821-E3F552521DD0}.Release|x64.ActiveCfg = Release|Any CPU
		{237CB270-68F1-4283-A821-E3F552521DD0}.Release|x64.Build.0 = Release|Any CPU
		{2A9DD443-035B-41F4-B505-A086871D8E09}.Debug|Any CPU.ActiveCfg = Debug|Any CPU
		{2A9DD443-035B-41F4-B505-A086871D8E09}.Debug|Any CPU.Build.0 = Debug|Any CPU
		{2A9DD443-035B-41F4-B505-A086871D8E09}.Debug|x64.ActiveCfg = Debug|Any CPU
		{2A9DD443-035B-41F4-B505-A086871D8E09}.Debug|x64.Build.0 = Debug|Any CPU
		{2A9DD443-035B-41F4-B505-A086871D8E09}.Release|Any CPU.ActiveCfg = Release|Any CPU
		{2A9DD443-035B-41F4-B505-A086871D8E09}.Release|Any CPU.Build.0 = Release|Any CPU
		{2A9DD443-035B-41F4-B505-A086871D8E09}.Release|x64.ActiveCfg = Release|Any CPU
		{2A9DD443-035B-41F4-B505-A086871D8E09}.Release|x64.Build.0 = Release|Any CPU
		{260C5612-47B8-4496-9D98-26F5956B4EE7}.Debug|Any CPU.ActiveCfg = Debug|Any CPU
		{260C5612-47B8-4496-9D98-26F5956B4EE7}.Debug|Any CPU.Build.0 = Debug|Any CPU
		{260C5612-47B8-4496-9D98-26F5956B4EE7}.Debug|x64.ActiveCfg = Debug|Any CPU
		{260C5612-47B8-4496-9D98-26F5956B4EE7}.Debug|x64.Build.0 = Debug|Any CPU
		{260C5612-47B8-4496-9D98-26F5956B4EE7}.Release|Any CPU.ActiveCfg = Release|Any CPU
		{260C5612-47B8-4496-9D98-26F5956B4EE7}.Release|Any CPU.Build.0 = Release|Any CPU
		{260C5612-47B8-4496-9D98-26F5956B4EE7}.Release|x64.ActiveCfg = Release|Any CPU
		{260C5612-47B8-4496-9D98-26F5956B4EE7}.Release|x64.Build.0 = Release|Any CPU
		{A6C99C13-9642-459E-B897-9F96E4258FE4}.Debug|Any CPU.ActiveCfg = Debug|Any CPU
		{A6C99C13-9642-459E-B897-9F96E4258FE4}.Debug|Any CPU.Build.0 = Debug|Any CPU
		{A6C99C13-9642-459E-B897-9F96E4258FE4}.Debug|x64.ActiveCfg = Debug|Any CPU
		{A6C99C13-9642-459E-B897-9F96E4258FE4}.Debug|x64.Build.0 = Debug|Any CPU
		{A6C99C13-9642-459E-B897-9F96E4258FE4}.Release|Any CPU.ActiveCfg = Release|Any CPU
		{A6C99C13-9642-459E-B897-9F96E4258FE4}.Release|Any CPU.Build.0 = Release|Any CPU
		{A6C99C13-9642-459E-B897-9F96E4258FE4}.Release|x64.ActiveCfg = Release|Any CPU
		{A6C99C13-9642-459E-B897-9F96E4258FE4}.Release|x64.Build.0 = Release|Any CPU
		{603EEDC2-97D1-4B4F-B883-1D2726D1C472}.Debug|Any CPU.ActiveCfg = Debug|Any CPU
		{603EEDC2-97D1-4B4F-B883-1D2726D1C472}.Debug|Any CPU.Build.0 = Debug|Any CPU
		{603EEDC2-97D1-4B4F-B883-1D2726D1C472}.Debug|x64.ActiveCfg = Debug|Any CPU
		{603EEDC2-97D1-4B4F-B883-1D2726D1C472}.Debug|x64.Build.0 = Debug|Any CPU
		{603EEDC2-97D1-4B4F-B883-1D2726D1C472}.Release|Any CPU.ActiveCfg = Release|Any CPU
		{603EEDC2-97D1-4B4F-B883-1D2726D1C472}.Release|Any CPU.Build.0 = Release|Any CPU
		{603EEDC2-97D1-4B4F-B883-1D2726D1C472}.Release|x64.ActiveCfg = Release|Any CPU
		{603EEDC2-97D1-4B4F-B883-1D2726D1C472}.Release|x64.Build.0 = Release|Any CPU
		{0EB9187A-6671-403D-B46B-0A814D3F562A}.Debug|Any CPU.ActiveCfg = Debug|Any CPU
		{0EB9187A-6671-403D-B46B-0A814D3F562A}.Debug|Any CPU.Build.0 = Debug|Any CPU
		{0EB9187A-6671-403D-B46B-0A814D3F562A}.Debug|x64.ActiveCfg = Debug|Any CPU
		{0EB9187A-6671-403D-B46B-0A814D3F562A}.Debug|x64.Build.0 = Debug|Any CPU
		{0EB9187A-6671-403D-B46B-0A814D3F562A}.Release|Any CPU.ActiveCfg = Release|Any CPU
		{0EB9187A-6671-403D-B46B-0A814D3F562A}.Release|Any CPU.Build.0 = Release|Any CPU
		{0EB9187A-6671-403D-B46B-0A814D3F562A}.Release|x64.ActiveCfg = Release|Any CPU
		{0EB9187A-6671-403D-B46B-0A814D3F562A}.Release|x64.Build.0 = Release|Any CPU
		{86251D56-887A-4520-843C-96B0A09C54B7}.Debug|Any CPU.ActiveCfg = Debug|Any CPU
		{86251D56-887A-4520-843C-96B0A09C54B7}.Debug|Any CPU.Build.0 = Debug|Any CPU
		{86251D56-887A-4520-843C-96B0A09C54B7}.Debug|x64.ActiveCfg = Debug|Any CPU
		{86251D56-887A-4520-843C-96B0A09C54B7}.Debug|x64.Build.0 = Debug|Any CPU
		{86251D56-887A-4520-843C-96B0A09C54B7}.Release|Any CPU.ActiveCfg = Release|Any CPU
		{86251D56-887A-4520-843C-96B0A09C54B7}.Release|Any CPU.Build.0 = Release|Any CPU
		{86251D56-887A-4520-843C-96B0A09C54B7}.Release|x64.ActiveCfg = Release|Any CPU
		{86251D56-887A-4520-843C-96B0A09C54B7}.Release|x64.Build.0 = Release|Any CPU
		{4109B167-0206-4C6D-87BE-4D5F9913BE6F}.Debug|Any CPU.ActiveCfg = Debug|Any CPU
		{4109B167-0206-4C6D-87BE-4D5F9913BE6F}.Debug|Any CPU.Build.0 = Debug|Any CPU
		{4109B167-0206-4C6D-87BE-4D5F9913BE6F}.Debug|x64.ActiveCfg = Debug|Any CPU
		{4109B167-0206-4C6D-87BE-4D5F9913BE6F}.Debug|x64.Build.0 = Debug|Any CPU
		{4109B167-0206-4C6D-87BE-4D5F9913BE6F}.Release|Any CPU.ActiveCfg = Release|Any CPU
		{4109B167-0206-4C6D-87BE-4D5F9913BE6F}.Release|Any CPU.Build.0 = Release|Any CPU
		{4109B167-0206-4C6D-87BE-4D5F9913BE6F}.Release|x64.ActiveCfg = Release|Any CPU
		{4109B167-0206-4C6D-87BE-4D5F9913BE6F}.Release|x64.Build.0 = Release|Any CPU
		{B42669FF-9653-4FA8-8093-EA9E02092745}.Debug|Any CPU.ActiveCfg = Debug|Any CPU
		{B42669FF-9653-4FA8-8093-EA9E02092745}.Debug|Any CPU.Build.0 = Debug|Any CPU
		{B42669FF-9653-4FA8-8093-EA9E02092745}.Debug|x64.ActiveCfg = Debug|Any CPU
		{B42669FF-9653-4FA8-8093-EA9E02092745}.Debug|x64.Build.0 = Debug|Any CPU
		{B42669FF-9653-4FA8-8093-EA9E02092745}.Release|Any CPU.ActiveCfg = Release|Any CPU
		{B42669FF-9653-4FA8-8093-EA9E02092745}.Release|Any CPU.Build.0 = Release|Any CPU
		{B42669FF-9653-4FA8-8093-EA9E02092745}.Release|x64.ActiveCfg = Release|Any CPU
		{B42669FF-9653-4FA8-8093-EA9E02092745}.Release|x64.Build.0 = Release|Any CPU
		{FBF9E1E4-E881-4DD4-A662-9F16A1DF8CBA}.Debug|Any CPU.ActiveCfg = Debug|Any CPU
		{FBF9E1E4-E881-4DD4-A662-9F16A1DF8CBA}.Debug|Any CPU.Build.0 = Debug|Any CPU
		{FBF9E1E4-E881-4DD4-A662-9F16A1DF8CBA}.Debug|x64.ActiveCfg = Debug|Any CPU
		{FBF9E1E4-E881-4DD4-A662-9F16A1DF8CBA}.Debug|x64.Build.0 = Debug|Any CPU
		{FBF9E1E4-E881-4DD4-A662-9F16A1DF8CBA}.Release|Any CPU.ActiveCfg = Release|Any CPU
		{FBF9E1E4-E881-4DD4-A662-9F16A1DF8CBA}.Release|Any CPU.Build.0 = Release|Any CPU
		{FBF9E1E4-E881-4DD4-A662-9F16A1DF8CBA}.Release|x64.ActiveCfg = Release|Any CPU
		{FBF9E1E4-E881-4DD4-A662-9F16A1DF8CBA}.Release|x64.Build.0 = Release|Any CPU
		{BC8D0CA1-3ED9-40E1-9400-EE02DB33ED24}.Debug|Any CPU.ActiveCfg = Debug|Any CPU
		{BC8D0CA1-3ED9-40E1-9400-EE02DB33ED24}.Debug|Any CPU.Build.0 = Debug|Any CPU
		{BC8D0CA1-3ED9-40E1-9400-EE02DB33ED24}.Debug|x64.ActiveCfg = Debug|Any CPU
		{BC8D0CA1-3ED9-40E1-9400-EE02DB33ED24}.Debug|x64.Build.0 = Debug|Any CPU
		{BC8D0CA1-3ED9-40E1-9400-EE02DB33ED24}.Release|Any CPU.ActiveCfg = Release|Any CPU
		{BC8D0CA1-3ED9-40E1-9400-EE02DB33ED24}.Release|Any CPU.Build.0 = Release|Any CPU
		{BC8D0CA1-3ED9-40E1-9400-EE02DB33ED24}.Release|x64.ActiveCfg = Release|Any CPU
		{BC8D0CA1-3ED9-40E1-9400-EE02DB33ED24}.Release|x64.Build.0 = Release|Any CPU
	EndGlobalSection
	GlobalSection(SolutionProperties) = preSolution
		HideSolutionNode = FALSE
	EndGlobalSection
	GlobalSection(NestedProjects) = preSolution
		{61E8E88F-C2E5-44F9-925D-5036274123BC} = {9BD54006-5379-4FC5-88DB-C568B9389EBE}
		{5FFF7C00-116A-4235-B71E-CD79FFFC8174} = {61E8E88F-C2E5-44F9-925D-5036274123BC}
		{A4AF3F66-2C51-43C4-973E-F7CF6C8E9C50} = {9BD54006-5379-4FC5-88DB-C568B9389EBE}
		{237CB270-68F1-4283-A821-E3F552521DD0} = {A4AF3F66-2C51-43C4-973E-F7CF6C8E9C50}
		{19857ACF-8F4D-47D9-A3DF-A0A750281640} = {9BD54006-5379-4FC5-88DB-C568B9389EBE}
		{2A9DD443-035B-41F4-B505-A086871D8E09} = {19857ACF-8F4D-47D9-A3DF-A0A750281640}
		{260C5612-47B8-4496-9D98-26F5956B4EE7} = {19857ACF-8F4D-47D9-A3DF-A0A750281640}
		{A6C99C13-9642-459E-B897-9F96E4258FE4} = {19857ACF-8F4D-47D9-A3DF-A0A750281640}
		{172B77F6-69F1-4E94-9B14-FCE2DB37F432} = {9BD54006-5379-4FC5-88DB-C568B9389EBE}
		{603EEDC2-97D1-4B4F-B883-1D2726D1C472} = {172B77F6-69F1-4E94-9B14-FCE2DB37F432}
		{0EB9187A-6671-403D-B46B-0A814D3F562A} = {172B77F6-69F1-4E94-9B14-FCE2DB37F432}
		{86251D56-887A-4520-843C-96B0A09C54B7} = {172B77F6-69F1-4E94-9B14-FCE2DB37F432}
		{4109B167-0206-4C6D-87BE-4D5F9913BE6F} = {172B77F6-69F1-4E94-9B14-FCE2DB37F432}
		{B42669FF-9653-4FA8-8093-EA9E02092745} = {542B2D1B-F7AA-4665-B862-413E7F2CF02D}
		{FBF9E1E4-E881-4DD4-A662-9F16A1DF8CBA} = {AC18F3F2-A234-42EC-8060-DD8CCDCF5F2B}
		{BC8D0CA1-3ED9-40E1-9400-EE02DB33ED24} = {AC18F3F2-A234-42EC-8060-DD8CCDCF5F2B}
	EndGlobalSection
	GlobalSection(ExtensibilityGlobals) = postSolution
		SolutionGuid = {66AC13EF-A7FA-4134-BE3D-CCCD0496F3EA}
	EndGlobalSection
EndGlobal
